<?xml version="1.0" encoding="utf-8"?>
<Project ToolsVersion="4.0" xmlns="http://schemas.microsoft.com/developer/msbuild/2003">
  <ItemGroup>
    <Filter Include="Source Files">
      <UniqueIdentifier>{4FC737F1-C7A5-4376-A066-2A32D752A2FF}</UniqueIdentifier>
      <Extensions>cpp;c;cc;cxx;def;odl;idl;hpj;bat;asm;asmx</Extensions>
    </Filter>
    <Filter Include="Header Files">
      <UniqueIdentifier>{93995380-89BD-4b04-88EB-625FBE52EBFB}</UniqueIdentifier>
      <Extensions>h;hh;hpp;hxx;hm;inl;inc;ipp;xsd</Extensions>
    </Filter>
    <Filter Include="Resource Files">
      <UniqueIdentifier>{67DA6AB6-F800-4c08-8B7A-83BB121AAD01}</UniqueIdentifier>
      <Extensions>rc;ico;cur;bmp;dlg;rc2;rct;bin;rgs;gif;jpg;jpeg;jpe;resx;tiff;tif;png;wav;mfcribbon-ms</Extensions>
    </Filter>
  </ItemGroup>
  <ItemGroup>
    <Image Include="awesomeface.png">
      <Filter>Resource Files</Filter>
    </Image>
    <Image Include="container.jpg">
      <Filter>Resource Files</Filter>
    </Image>
    <Image Include="container2.png">
      <Filter>Resource Files</Filter>
    </Image>
    <Image Include="container2_specular.png">
      <Filter>Resource Files</Filter>
    </Image>
    <Image Include="matrix.jpg">
      <Filter>Resource Files</Filter>
    </Image>
    <Image Include="matrix_changed.jpg">
      <Filter>Resource Files</Filter>
    </Image>
    <Image Include="matrix_changed2.jpg">
      <Filter>Resource Files</Filter>
    </Image>
    <Image Include="ground.jpg">
      <Filter>Resource Files</Filter>
    </Image>
  </ItemGroup>
  <ItemGroup>
    <ClCompile Include="Camera.cpp">
      <Filter>Source Files</Filter>
    </ClCompile>
    <ClCompile Include="FragmentShader.cpp">
      <Filter>Source Files</Filter>
    </ClCompile>
    <ClCompile Include="LightDirectional.cpp">
      <Filter>Source Files</Filter>
    </ClCompile>
    <ClCompile Include="LightPoint.cpp">
      <Filter>Source Files</Filter>
    </ClCompile>
    <ClCompile Include="LightSpot.cpp">
      <Filter>Source Files</Filter>
    </ClCompile>
    <ClCompile Include="Main.cpp">
      <Filter>Source Files</Filter>
    </ClCompile>
    <ClCompile Include="MainBackup.cpp">
      <Filter>Source Files</Filter>
    </ClCompile>
    <ClCompile Include="Material.cpp">
      <Filter>Source Files</Filter>
    </ClCompile>
    <ClCompile Include="Mesh.cpp">
      <Filter>Source Files</Filter>
    </ClCompile>
    <ClCompile Include="Model.cpp">
      <Filter>Source Files</Filter>
    </ClCompile>
    <ClCompile Include="Shader.cpp">
      <Filter>Source Files</Filter>
    </ClCompile>
    <ClCompile Include="Character.cpp">
      <Filter>Source Files</Filter>
    </ClCompile>
    <ClCompile Include="IcePiton.cpp">
      <Filter>Source Files</Filter>
    </ClCompile>
    <ClCompile Include="ffBone.cpp">
      <Filter>Source Files</Filter>
    </ClCompile>
    <ClCompile Include="ffAssimpHelper.cpp">
      <Filter>Source Files</Filter>
    </ClCompile>
    <ClCompile Include="ffModel.cpp">
      <Filter>Source Files</Filter>
    </ClCompile>
    <ClCompile Include="ffMesh.cpp">
      <Filter>Source Files</Filter>
    </ClCompile>
    <ClCompile Include="ffAnimation.cpp">
      <Filter>Source Files</Filter>
    </ClCompile>
    <ClCompile Include="ffAnimator.cpp">
      <Filter>Source Files</Filter>
    </ClCompile>
    <ClCompile Include="ffImage.cpp">
      <Filter>Source Files</Filter>
    </ClCompile>
    <ClCompile Include="Wall.cpp">
      <Filter>Source Files</Filter>
    </ClCompile>
    <ClCompile Include="Key.cpp">
      <Filter>Source Files</Filter>
    </ClCompile>
    <ClCompile Include="Gem.cpp">
      <Filter>Source Files</Filter>
    </ClCompile>
    <ClCompile Include="Gate.cpp">
      <Filter>Source Files</Filter>
    </ClCompile>
    <ClCompile Include="Cabin.cpp">
      <Filter>Source Files</Filter>
    </ClCompile>
  </ItemGroup>
  <ItemGroup>
    <ClInclude Include="Camera.h">
      <Filter>Header Files</Filter>
    </ClInclude>
    <ClInclude Include="FragmentShader.h">
      <Filter>Header Files</Filter>
    </ClInclude>
    <ClInclude Include="LightDirectional.h">
      <Filter>Header Files</Filter>
    </ClInclude>
    <ClInclude Include="LightPoint.h">
      <Filter>Header Files</Filter>
    </ClInclude>
    <ClInclude Include="LightSpot.h">
      <Filter>Header Files</Filter>
    </ClInclude>
    <ClInclude Include="Material.h">
      <Filter>Header Files</Filter>
    </ClInclude>
    <ClInclude Include="Mesh.h">
      <Filter>Header Files</Filter>
    </ClInclude>
    <ClInclude Include="Model.h">
      <Filter>Header Files</Filter>
    </ClInclude>
    <ClInclude Include="Shader.h">
      <Filter>Header Files</Filter>
    </ClInclude>
    <ClInclude Include="stb_image.h">
      <Filter>Header Files</Filter>
    </ClInclude>
    <ClInclude Include="Character.h">
      <Filter>Header Files</Filter>
    </ClInclude>
    <ClInclude Include="IcePiton.h">
      <Filter>Header Files</Filter>
    </ClInclude>
    <ClInclude Include="ffBone.h">
      <Filter>Header Files</Filter>
    </ClInclude>
    <ClInclude Include="ffAssimpHelper.hpp">
      <Filter>Header Files</Filter>
    </ClInclude>
    <ClInclude Include="ffModel.h">
      <Filter>Header Files</Filter>
    </ClInclude>
    <ClInclude Include="ffMesh.h">
      <Filter>Header Files</Filter>
    </ClInclude>
    <ClInclude Include="ffAnimation.h">
      <Filter>Header Files</Filter>
    </ClInclude>
    <ClInclude Include="ffAnimator.h">
      <Filter>Header Files</Filter>
    </ClInclude>
    <ClInclude Include="ffImage.h">
      <Filter>Header Files</Filter>
    </ClInclude>
    <ClInclude Include="Wall.h">
      <Filter>Header Files</Filter>
    </ClInclude>
    <ClInclude Include="Key.h">
      <Filter>Header Files</Filter>
    </ClInclude>
    <ClInclude Include="Gem.h">
      <Filter>Header Files</Filter>
    </ClInclude>
    <ClInclude Include="Gate.h">
      <Filter>Header Files</Filter>
    </ClInclude>
    <ClInclude Include="Cabin.h">
      <Filter>Header Files</Filter>
    </ClInclude>
  </ItemGroup>
  <ItemGroup>
    <None Include="FragmentShader_LightSource.frag" />
    <None Include="VertexShader_LightSource.vert" />
    <None Include="VertexShader_character.vert" />
    <None Include="FragmentShader_character.frag" />
    <None Include="VertexShader_monster.vert" />
    <None Include="FragmentShader_monster.frag" />
    <None Include="FragmentShader_icepiton.frag" />
    <None Include="VertexShader_icepiton.vert" />
    <None Include="VertexShader_ground.vert" />
    <None Include="FragmentShader_ground.frag" />
    <None Include="VertexShader_skybox.vert" />
    <None Include="FragmentShader_skybox.frag" />
    <None Include="ffVertexShader_character.vert" />
    <None Include="VertexShader_shadowMap.vert" />
    <None Include="FragmentShader_shadowMap.frag" />
    <None Include="VertexShader_shadowDebug.vert" />
    <None Include="FragmentShader_shadowDebug.frag" />
    <None Include="VertexShader_wall.vert" />
    <None Include="FragmentShader_wall.frag" />
    <None Include="VertexShader_UI_item.vert" />
    <None Include="FragmentShader_UI_item.frag" />
    <None Include="VertexShader_endScene.vert" />
    <None Include="FragmentShader_endScene.frag" />
    <None Include="VertexShader_star.vert" />
    <None Include="FragmentShader_star.frag" />
  </ItemGroup>
</Project>